{
  "name": "logseq-geml",
  "version": "0.0.1",
  "lockfileVersion": 3,
  "requires": true,
  "packages": {
    "": {
      "name": "logseq-geml",
      "version": "0.0.1",
      "dependencies": {
        "edn-data": "^1.2.2"
      }
    },
    "node_modules/edn-data": {
      "version": "1.2.2",
      "resolved": "https://registry.npmjs.org/edn-data/-/edn-data-1.2.2.tgz",
      "integrity": "sha512-XoFHi56Xn5kNrzMCW/rGuZ226nV80+7g9z3/ODMcWshz5kOiF7Xogn6RqaFzzlvBQSmG7xd2mTeHuqGz+ShmjA==",
      "license": "MIT",
      "engines": {
        "node": ">=12.0.0"
      }
    }
  }
}
